
Microsoft Visual Studio Solution File, Format Version 12.00
# Visual Studio Version 17
VisualStudioVersion = 17.2.32526.322
MinimumVisualStudioVersion = 10.0.40219.1
Project("{FAE04EC0-301F-11D3-BF4B-00C04F79EFBC}") = "Tests", "Tests\Tests.csproj", "{EAD13E23-C7D1-4B9B-A159-56937BB1D94C}"
EndProject
Project("{FAE04EC0-301F-11D3-BF4B-00C04F79EFBC}") = "Core", "Core\Core.csproj", "{73102A8F-186B-4A05-85DC-6E5B01E5570D}"
EndProject
Project("{FAE04EC0-301F-11D3-BF4B-00C04F79EFBC}") = "Business", "Business\Business.csproj", "{DF013F07-86BD-4F97-B3C9-67C9C8B68283}"
EndProject
Global
	GlobalSection(SolutionConfigurationPlatforms) = preSolution
		Debug|Any CPU = Debug|Any CPU
		Release|Any CPU = Release|Any CPU
	EndGlobalSection
	GlobalSection(ProjectConfigurationPlatforms) = postSolution
		{EAD13E23-C7D1-4B9B-A159-56937BB1D94C}.Debug|Any CPU.ActiveCfg = Debug|Any CPU
		{EAD13E23-C7D1-4B9B-A159-56937BB1D94C}.Debug|Any CPU.Build.0 = Debug|Any CPU
		{EAD13E23-C7D1-4B9B-A159-56937BB1D94C}.Release|Any CPU.ActiveCfg = Release|Any CPU
		{EAD13E23-C7D1-4B9B-A159-56937BB1D94C}.Release|Any CPU.Build.0 = Release|Any CPU
		{73102A8F-186B-4A05-85DC-6E5B01E5570D}.Debug|Any CPU.ActiveCfg = Debug|Any CPU
		{73102A8F-186B-4A05-85DC-6E5B01E5570D}.Debug|Any CPU.Build.0 = Debug|Any CPU
		{73102A8F-186B-4A05-85DC-6E5B01E5570D}.Release|Any CPU.ActiveCfg = Release|Any CPU
		{73102A8F-186B-4A05-85DC-6E5B01E5570D}.Release|Any CPU.Build.0 = Release|Any CPU
		{DF013F07-86BD-4F97-B3C9-67C9C8B68283}.Debug|Any CPU.ActiveCfg = Debug|Any CPU
		{DF013F07-86BD-4F97-B3C9-67C9C8B68283}.Debug|Any CPU.Build.0 = Debug|Any CPU
		{DF013F07-86BD-4F97-B3C9-67C9C8B68283}.Release|Any CPU.ActiveCfg = Release|Any CPU
		{DF013F07-86BD-4F97-B3C9-67C9C8B68283}.Release|Any CPU.Build.0 = Release|Any CPU
	EndGlobalSection
	GlobalSection(SolutionProperties) = preSolution
		HideSolutionNode = FALSE
	EndGlobalSection
	GlobalSection(ExtensibilityGlobals) = postSolution
		SolutionGuid = {11DA7356-C3D4-4F8A-82A8-673F8FEE372D}
	EndGlobalSection
EndGlobal
